
Microsoft Visual Studio Solution File, Format Version 12.00
# Visual Studio Version 17
VisualStudioVersion = 17.5.33414.496
MinimumVisualStudioVersion = 10.0.40219.1
Project("{2150E333-8FDC-42A3-9474-1A3956D46DE8}") = "Creational", "Creational", "{9B5A0CC9-ECAE-4143-8E7F-4087E2A5D128}"
EndProject
Project("{2150E333-8FDC-42A3-9474-1A3956D46DE8}") = "Structural", "Structural", "{9A55EE44-C410-4F5B-B7A0-887BABDE9F1A}"
EndProject
Project("{2150E333-8FDC-42A3-9474-1A3956D46DE8}") = "Behavioral", "Behavioral", "{4CC0ADE5-8868-4F62-8E3B-5A78458033D4}"
EndProject
Project("{9A19103F-16F7-4668-BE54-9A1E7A4F7556}") = "Singleton", "Creational\Singleton\Singleton.csproj", "{ACAD7D2C-9875-4498-B4CE-4907CD63DF5C}"
EndProject
Project("{9A19103F-16F7-4668-BE54-9A1E7A4F7556}") = "Prototype", "Creational\Prototype\Prototype.csproj", "{F8715A86-3A4B-4BFD-AF44-245A173475E7}"
EndProject
Project("{9A19103F-16F7-4668-BE54-9A1E7A4F7556}") = "Builder", "Creational\Builder\Builder.csproj", "{912F64B5-DD88-42E8-AFAB-33FBBBFA0968}"
EndProject
Project("{9A19103F-16F7-4668-BE54-9A1E7A4F7556}") = "Factory", "Creational\Factory\Factory.csproj", "{A3B8F6B7-B382-44B5-9811-CC3294BAF10D}"
EndProject
Project("{9A19103F-16F7-4668-BE54-9A1E7A4F7556}") = "Facade", "Structural\Facade\Facade.csproj", "{33492F4C-4771-41A5-8143-F8C5721B54C7}"
EndProject
Project("{9A19103F-16F7-4668-BE54-9A1E7A4F7556}") = "Proxy", "Structural\Proxy\Proxy.csproj", "{60FA7105-1ABC-4BCA-9EC1-2E773A38BDA7}"
EndProject
Project("{9A19103F-16F7-4668-BE54-9A1E7A4F7556}") = "Iterator", "Behavioral\Iterator\Iterator.csproj", "{DA04C832-F094-4626-9F32-61FB020F8DC4}"
EndProject
Project("{9A19103F-16F7-4668-BE54-9A1E7A4F7556}") = "Observer", "Behavioral\Observer\Observer.csproj", "{136B7ED6-AF13-4B44-980E-41C31CE0BF79}"
EndProject
Project("{9A19103F-16F7-4668-BE54-9A1E7A4F7556}") = "Mediator", "Behavioral\Mediator\Mediator.csproj", "{CB51AF2B-100B-43E5-BE97-416A6FE12219}"
EndProject
Project("{9A19103F-16F7-4668-BE54-9A1E7A4F7556}") = "State", "Behavioral\State\State.csproj", "{CF2B2192-2C4C-4FE4-B971-6EF4DBD9ED04}"
EndProject
Global
	GlobalSection(SolutionConfigurationPlatforms) = preSolution
		Debug|Any CPU = Debug|Any CPU
		Release|Any CPU = Release|Any CPU
	EndGlobalSection
	GlobalSection(ProjectConfigurationPlatforms) = postSolution
		{ACAD7D2C-9875-4498-B4CE-4907CD63DF5C}.Debug|Any CPU.ActiveCfg = Debug|Any CPU
		{ACAD7D2C-9875-4498-B4CE-4907CD63DF5C}.Debug|Any CPU.Build.0 = Debug|Any CPU
		{ACAD7D2C-9875-4498-B4CE-4907CD63DF5C}.Release|Any CPU.ActiveCfg = Release|Any CPU
		{ACAD7D2C-9875-4498-B4CE-4907CD63DF5C}.Release|Any CPU.Build.0 = Release|Any CPU
		{F8715A86-3A4B-4BFD-AF44-245A173475E7}.Debug|Any CPU.ActiveCfg = Debug|Any CPU
		{F8715A86-3A4B-4BFD-AF44-245A173475E7}.Debug|Any CPU.Build.0 = Debug|Any CPU
		{F8715A86-3A4B-4BFD-AF44-245A173475E7}.Release|Any CPU.ActiveCfg = Release|Any CPU
		{F8715A86-3A4B-4BFD-AF44-245A173475E7}.Release|Any CPU.Build.0 = Release|Any CPU
		{912F64B5-DD88-42E8-AFAB-33FBBBFA0968}.Debug|Any CPU.ActiveCfg = Debug|Any CPU
		{912F64B5-DD88-42E8-AFAB-33FBBBFA0968}.Debug|Any CPU.Build.0 = Debug|Any CPU
		{912F64B5-DD88-42E8-AFAB-33FBBBFA0968}.Release|Any CPU.ActiveCfg = Release|Any CPU
		{912F64B5-DD88-42E8-AFAB-33FBBBFA0968}.Release|Any CPU.Build.0 = Release|Any CPU
		{A3B8F6B7-B382-44B5-9811-CC3294BAF10D}.Debug|Any CPU.ActiveCfg = Debug|Any CPU
		{A3B8F6B7-B382-44B5-9811-CC3294BAF10D}.Debug|Any CPU.Build.0 = Debug|Any CPU
		{A3B8F6B7-B382-44B5-9811-CC3294BAF10D}.Release|Any CPU.ActiveCfg = Release|Any CPU
		{A3B8F6B7-B382-44B5-9811-CC3294BAF10D}.Release|Any CPU.Build.0 = Release|Any CPU
		{33492F4C-4771-41A5-8143-F8C5721B54C7}.Debug|Any CPU.ActiveCfg = Debug|Any CPU
		{33492F4C-4771-41A5-8143-F8C5721B54C7}.Debug|Any CPU.Build.0 = Debug|Any CPU
		{33492F4C-4771-41A5-8143-F8C5721B54C7}.Release|Any CPU.ActiveCfg = Release|Any CPU
		{33492F4C-4771-41A5-8143-F8C5721B54C7}.Release|Any CPU.Build.0 = Release|Any CPU
		{60FA7105-1ABC-4BCA-9EC1-2E773A38BDA7}.Debug|Any CPU.ActiveCfg = Debug|Any CPU
		{60FA7105-1ABC-4BCA-9EC1-2E773A38BDA7}.Debug|Any CPU.Build.0 = Debug|Any CPU
		{60FA7105-1ABC-4BCA-9EC1-2E773A38BDA7}.Release|Any CPU.ActiveCfg = Release|Any CPU
		{60FA7105-1ABC-4BCA-9EC1-2E773A38BDA7}.Release|Any CPU.Build.0 = Release|Any CPU
		{DA04C832-F094-4626-9F32-61FB020F8DC4}.Debug|Any CPU.ActiveCfg = Debug|Any CPU
		{DA04C832-F094-4626-9F32-61FB020F8DC4}.Debug|Any CPU.Build.0 = Debug|Any CPU
		{DA04C832-F094-4626-9F32-61FB020F8DC4}.Release|Any CPU.ActiveCfg = Release|Any CPU
		{DA04C832-F094-4626-9F32-61FB020F8DC4}.Release|Any CPU.Build.0 = Release|Any CPU
		{136B7ED6-AF13-4B44-980E-41C31CE0BF79}.Debug|Any CPU.ActiveCfg = Debug|Any CPU
		{136B7ED6-AF13-4B44-980E-41C31CE0BF79}.Debug|Any CPU.Build.0 = Debug|Any CPU
		{136B7ED6-AF13-4B44-980E-41C31CE0BF79}.Release|Any CPU.ActiveCfg = Release|Any CPU
		{136B7ED6-AF13-4B44-980E-41C31CE0BF79}.Release|Any CPU.Build.0 = Release|Any CPU
		{CB51AF2B-100B-43E5-BE97-416A6FE12219}.Debug|Any CPU.ActiveCfg = Debug|Any CPU
		{CB51AF2B-100B-43E5-BE97-416A6FE12219}.Debug|Any CPU.Build.0 = Debug|Any CPU
		{CB51AF2B-100B-43E5-BE97-416A6FE12219}.Release|Any CPU.ActiveCfg = Release|Any CPU
		{CB51AF2B-100B-43E5-BE97-416A6FE12219}.Release|Any CPU.Build.0 = Release|Any CPU
		{CF2B2192-2C4C-4FE4-B971-6EF4DBD9ED04}.Debug|Any CPU.ActiveCfg = Debug|Any CPU
		{CF2B2192-2C4C-4FE4-B971-6EF4DBD9ED04}.Debug|Any CPU.Build.0 = Debug|Any CPU
		{CF2B2192-2C4C-4FE4-B971-6EF4DBD9ED04}.Release|Any CPU.ActiveCfg = Release|Any CPU
		{CF2B2192-2C4C-4FE4-B971-6EF4DBD9ED04}.Release|Any CPU.Build.0 = Release|Any CPU
	EndGlobalSection
	GlobalSection(SolutionProperties) = preSolution
		HideSolutionNode = FALSE
	EndGlobalSection
	GlobalSection(NestedProjects) = preSolution
		{ACAD7D2C-9875-4498-B4CE-4907CD63DF5C} = {9B5A0CC9-ECAE-4143-8E7F-4087E2A5D128}
		{F8715A86-3A4B-4BFD-AF44-245A173475E7} = {9B5A0CC9-ECAE-4143-8E7F-4087E2A5D128}
		{912F64B5-DD88-42E8-AFAB-33FBBBFA0968} = {9B5A0CC9-ECAE-4143-8E7F-4087E2A5D128}
		{A3B8F6B7-B382-44B5-9811-CC3294BAF10D} = {9B5A0CC9-ECAE-4143-8E7F-4087E2A5D128}
		{33492F4C-4771-41A5-8143-F8C5721B54C7} = {9A55EE44-C410-4F5B-B7A0-887BABDE9F1A}
		{60FA7105-1ABC-4BCA-9EC1-2E773A38BDA7} = {9A55EE44-C410-4F5B-B7A0-887BABDE9F1A}
		{DA04C832-F094-4626-9F32-61FB020F8DC4} = {4CC0ADE5-8868-4F62-8E3B-5A78458033D4}
		{136B7ED6-AF13-4B44-980E-41C31CE0BF79} = {4CC0ADE5-8868-4F62-8E3B-5A78458033D4}
		{CB51AF2B-100B-43E5-BE97-416A6FE12219} = {4CC0ADE5-8868-4F62-8E3B-5A78458033D4}
		{CF2B2192-2C4C-4FE4-B971-6EF4DBD9ED04} = {4CC0ADE5-8868-4F62-8E3B-5A78458033D4}
	EndGlobalSection
	GlobalSection(ExtensibilityGlobals) = postSolution
		SolutionGuid = {B8D11921-2D28-4281-B12F-235A476BD2C4}
	EndGlobalSection
EndGlobal
